{
  "originHash" : "4943735d6dca5128731d88f03eeff0312228f60c1a989eb1ca6e9aa269113113",
  "pins" : [
    {
      "identity" : "fluidaudio",
      "kind" : "remoteSourceControl",
      "location" : "https://github.com/FluidInference/FluidAudio",
      "state" : {
        "revision" : "915a392a3b214205fcf4860cc3608bde35891d03",
        "version" : "0.9.1"
      }
    }
  ],
  "version" : 3
}
